// !$*UTF8*$!
{
	archiveVersion = 1;
	classes = {
	};
	objectVersion = 55;
	objects = {

/* Begin PBXBuildFile section */
		AAEF1AE727C6A8A600F3000B /* AppDelegate.swift in Sources */ = {isa = PBXBuildFile; fileRef = AAEF1AE627C6A8A600F3000B /* AppDelegate.swift */; };
		AAEF1AEB27C6A8A600F3000B /* LoginViewController.swift in Sources */ = {isa = PBXBuildFile; fileRef = AAEF1AEA27C6A8A600F3000B /* LoginViewController.swift */; };
		AAEF1AF027C6A8AD00F3000B /* Assets.xcassets in Resources */ = {isa = PBXBuildFile; fileRef = AAEF1AEF27C6A8AD00F3000B /* Assets.xcassets */; };
		AAEF1AF327C6A8AD00F3000B /* LaunchScreen.storyboard in Resources */ = {isa = PBXBuildFile; fileRef = AAEF1AF127C6A8AD00F3000B /* LaunchScreen.storyboard */; };
		AAEF1AFD27C6B18100F3000B /* LoginView.swift in Sources */ = {isa = PBXBuildFile; fileRef = AAEF1AFC27C6B18100F3000B /* LoginView.swift */; };
		AAEF1B0027CAA1D400F3000B /* OnboardingContainerViewController.swift in Sources */ = {isa = PBXBuildFile; fileRef = AAEF1AFF27CAA1D400F3000B /* OnboardingContainerViewController.swift */; };
		AAEF1B0527CB5AB900F3000B /* OnboardingViewController.swift in Sources */ = {isa = PBXBuildFile; fileRef = AAEF1B0427CB5AB800F3000B /* OnboardingViewController.swift */; };
		AAEF1B0727CD130100F3000B /* DummyViewController.swift in Sources */ = {isa = PBXBuildFile; fileRef = AAEF1B0627CD130000F3000B /* DummyViewController.swift */; };
		AAEF1B0A27CD437800F3000B /* LocalState.swift in Sources */ = {isa = PBXBuildFile; fileRef = AAEF1B0927CD437800F3000B /* LocalState.swift */; };
		AAEF1B0C27CE2C4E00F3000B /* UIViewController+Utils .swift in Sources */ = {isa = PBXBuildFile; fileRef = AAEF1B0B27CE2C4E00F3000B /* UIViewController+Utils .swift */; };
		AAEF1B0F27CF51E600F3000B /* MainViewController.swift in Sources */ = {isa = PBXBuildFile; fileRef = AAEF1B0E27CF51E600F3000B /* MainViewController.swift */; };
		AAEF1B1227CFA9A700F3000B /* AccountSummaryViewController.swift in Sources */ = {isa = PBXBuildFile; fileRef = AAEF1B1127CFA9A600F3000B /* AccountSummaryViewController.swift */; };
		AAEF1B1427D7866000F3000B /* AccountSummaryHeaderView.swift in Sources */ = {isa = PBXBuildFile; fileRef = AAEF1B1327D7865F00F3000B /* AccountSummaryHeaderView.swift */; };
		AAEF1B1627D7874C00F3000B /* AccountSummaryHeaderView.xib in Resources */ = {isa = PBXBuildFile; fileRef = AAEF1B1527D7874B00F3000B /* AccountSummaryHeaderView.xib */; };
/* End PBXBuildFile section */

/* Begin PBXFileReference section */
		AAEF1AE327C6A8A600F3000B /* Bankey.app */ = {isa = PBXFileReference; explicitFileType = wrapper.application; includeInIndex = 0; path = Bankey.app; sourceTree = BUILT_PRODUCTS_DIR; };
		AAEF1AE627C6A8A600F3000B /* AppDelegate.swift */ = {isa = PBXFileReference; lastKnownFileType = sourcecode.swift; path = AppDelegate.swift; sourceTree = "<group>"; };
		AAEF1AEA27C6A8A600F3000B /* LoginViewController.swift */ = {isa = PBXFileReference; lastKnownFileType = sourcecode.swift; path = LoginViewController.swift; sourceTree = "<group>"; };
		AAEF1AEF27C6A8AD00F3000B /* Assets.xcassets */ = {isa = PBXFileReference; lastKnownFileType = folder.assetcatalog; path = Assets.xcassets; sourceTree = "<group>"; };
		AAEF1AF227C6A8AD00F3000B /* Base */ = {isa = PBXFileReference; lastKnownFileType = file.storyboard; name = Base; path = Base.lproj/LaunchScreen.storyboard; sourceTree = "<group>"; };
		AAEF1AF427C6A8AD00F3000B /* Info.plist */ = {isa = PBXFileReference; lastKnownFileType = text.plist.xml; path = Info.plist; sourceTree = "<group>"; };
		AAEF1AFC27C6B18100F3000B /* LoginView.swift */ = {isa = PBXFileReference; lastKnownFileType = sourcecode.swift; path = LoginView.swift; sourceTree = "<group>"; };
		AAEF1AFF27CAA1D400F3000B /* OnboardingContainerViewController.swift */ = {isa = PBXFileReference; lastKnownFileType = sourcecode.swift; path = OnboardingContainerViewController.swift; sourceTree = "<group>"; };
		AAEF1B0427CB5AB800F3000B /* OnboardingViewController.swift */ = {isa = PBXFileReference; lastKnownFileType = sourcecode.swift; path = OnboardingViewController.swift; sourceTree = "<group>"; };
		AAEF1B0627CD130000F3000B /* DummyViewController.swift */ = {isa = PBXFileReference; lastKnownFileType = sourcecode.swift; path = DummyViewController.swift; sourceTree = "<group>"; };
		AAEF1B0927CD437800F3000B /* LocalState.swift */ = {isa = PBXFileReference; lastKnownFileType = sourcecode.swift; path = LocalState.swift; sourceTree = "<group>"; };
		AAEF1B0B27CE2C4E00F3000B /* UIViewController+Utils .swift */ = {isa = PBXFileReference; lastKnownFileType = sourcecode.swift; path = "UIViewController+Utils .swift"; sourceTree = "<group>"; };
		AAEF1B0E27CF51E600F3000B /* MainViewController.swift */ = {isa = PBXFileReference; lastKnownFileType = sourcecode.swift; path = MainViewController.swift; sourceTree = "<group>"; };
		AAEF1B1127CFA9A600F3000B /* AccountSummaryViewController.swift */ = {isa = PBXFileReference; lastKnownFileType = sourcecode.swift; path = AccountSummaryViewController.swift; sourceTree = "<group>"; };
		AAEF1B1327D7865F00F3000B /* AccountSummaryHeaderView.swift */ = {isa = PBXFileReference; lastKnownFileType = sourcecode.swift; path = AccountSummaryHeaderView.swift; sourceTree = "<group>"; };
		AAEF1B1527D7874B00F3000B /* AccountSummaryHeaderView.xib */ = {isa = PBXFileReference; lastKnownFileType = file.xib; path = AccountSummaryHeaderView.xib; sourceTree = "<group>"; };
/* End PBXFileReference section */

/* Begin PBXFrameworksBuildPhase section */
		AAEF1AE027C6A8A500F3000B /* Frameworks */ = {
			isa = PBXFrameworksBuildPhase;
			buildActionMask = 2147483647;
			files = (
			);
			runOnlyForDeploymentPostprocessing = 0;
		};
/* End PBXFrameworksBuildPhase section */

/* Begin PBXGroup section */
		AAEF1ADA27C6A8A500F3000B = {
			isa = PBXGroup;
			children = (
				AAEF1AE527C6A8A600F3000B /* Bankey */,
				AAEF1AE427C6A8A600F3000B /* Products */,
			);
			sourceTree = "<group>";
		};
		AAEF1AE427C6A8A600F3000B /* Products */ = {
			isa = PBXGroup;
			children = (
				AAEF1AE327C6A8A600F3000B /* Bankey.app */,
			);
			name = Products;
			sourceTree = "<group>";
		};
		AAEF1AE527C6A8A600F3000B /* Bankey */ = {
			isa = PBXGroup;
			children = (
				AAEF1AE627C6A8A600F3000B /* AppDelegate.swift */,
				AAEF1B0E27CF51E600F3000B /* MainViewController.swift */,
				AAEF1AFA27C6B0A300F3000B /* Login */,
				AAEF1AFE27CA682E00F3000B /* Onboarding */,
				AAEF1B1027CFA93F00F3000B /* AccountSummary */,
				AAEF1B0827CD435C00F3000B /* Utils */,
				AAEF1AFB27C6B0BF00F3000B /* Files */,
			);
			path = Bankey;
			sourceTree = "<group>";
		};
		AAEF1AFA27C6B0A300F3000B /* Login */ = {
			isa = PBXGroup;
			children = (
				AAEF1AEA27C6A8A600F3000B /* LoginViewController.swift */,
				AAEF1AFC27C6B18100F3000B /* LoginView.swift */,
				AAEF1B0627CD130000F3000B /* DummyViewController.swift */,
			);
			path = Login;
			sourceTree = "<group>";
		};
		AAEF1AFB27C6B0BF00F3000B /* Files */ = {
			isa = PBXGroup;
			children = (
				AAEF1AEF27C6A8AD00F3000B /* Assets.xcassets */,
				AAEF1AF127C6A8AD00F3000B /* LaunchScreen.storyboard */,
				AAEF1AF427C6A8AD00F3000B /* Info.plist */,
			);
			name = Files;
			sourceTree = "<group>";
		};
		AAEF1AFE27CA682E00F3000B /* Onboarding */ = {
			isa = PBXGroup;
			children = (
				AAEF1AFF27CAA1D400F3000B /* OnboardingContainerViewController.swift */,
				AAEF1B0427CB5AB800F3000B /* OnboardingViewController.swift */,
			);
			path = Onboarding;
			sourceTree = "<group>";
		};
		AAEF1B0827CD435C00F3000B /* Utils */ = {
			isa = PBXGroup;
			children = (
				AAEF1B0927CD437800F3000B /* LocalState.swift */,
				AAEF1B0B27CE2C4E00F3000B /* UIViewController+Utils .swift */,
			);
			path = Utils;
			sourceTree = "<group>";
		};
		AAEF1B1027CFA93F00F3000B /* AccountSummary */ = {
			isa = PBXGroup;
			children = (
				AAEF1B1127CFA9A600F3000B /* AccountSummaryViewController.swift */,
				AAEF1B1327D7865F00F3000B /* AccountSummaryHeaderView.swift */,
				AAEF1B1527D7874B00F3000B /* AccountSummaryHeaderView.xib */,
			);
			path = AccountSummary;
			sourceTree = "<group>";
		};
/* End PBXGroup section */

/* Begin PBXNativeTarget section */
		AAEF1AE227C6A8A500F3000B /* Bankey */ = {
			isa = PBXNativeTarget;
			buildConfigurationList = AAEF1AF727C6A8AD00F3000B /* Build configuration list for PBXNativeTarget "Bankey" */;
			buildPhases = (
				AAEF1ADF27C6A8A500F3000B /* Sources */,
				AAEF1AE027C6A8A500F3000B /* Frameworks */,
				AAEF1AE127C6A8A500F3000B /* Resources */,
			);
			buildRules = (
			);
			dependencies = (
			);
			name = Bankey;
			productName = Bankey;
			productReference = AAEF1AE327C6A8A600F3000B /* Bankey.app */;
			productType = "com.apple.product-type.application";
		};
/* End PBXNativeTarget section */

/* Begin PBXProject section */
		AAEF1ADB27C6A8A500F3000B /* Project object */ = {
			isa = PBXProject;
			attributes = {
				BuildIndependentTargetsInParallel = 1;
				LastSwiftUpdateCheck = 1300;
				LastUpgradeCheck = 1300;
				TargetAttributes = {
					AAEF1AE227C6A8A500F3000B = {
						CreatedOnToolsVersion = 13.0;
					};
				};
			};
			buildConfigurationList = AAEF1ADE27C6A8A500F3000B /* Build configuration list for PBXProject "Bankey" */;
			compatibilityVersion = "Xcode 13.0";
			developmentRegion = en;
			hasScannedForEncodings = 0;
			knownRegions = (
				en,
				Base,
			);
			mainGroup = AAEF1ADA27C6A8A500F3000B;
			productRefGroup = AAEF1AE427C6A8A600F3000B /* Products */;
			projectDirPath = "";
			projectRoot = "";
			targets = (
				AAEF1AE227C6A8A500F3000B /* Bankey */,
			);
		};
/* End PBXProject section */

/* Begin PBXResourcesBuildPhase section */
		AAEF1AE127C6A8A500F3000B /* Resources */ = {
			isa = PBXResourcesBuildPhase;
			buildActionMask = 2147483647;
			files = (
				AAEF1B1627D7874C00F3000B /* AccountSummaryHeaderView.xib in Resources */,
				AAEF1AF327C6A8AD00F3000B /* LaunchScreen.storyboard in Resources */,
				AAEF1AF027C6A8AD00F3000B /* Assets.xcassets in Resources */,
			);
			runOnlyForDeploymentPostprocessing = 0;
		};
/* End PBXResourcesBuildPhase section */

/* Begin PBXSourcesBuildPhase section */
		AAEF1ADF27C6A8A500F3000B /* Sources */ = {
			isa = PBXSourcesBuildPhase;
			buildActionMask = 2147483647;
			files = (
				AAEF1AFD27C6B18100F3000B /* LoginView.swift in Sources */,
				AAEF1B0C27CE2C4E00F3000B /* UIViewController+Utils .swift in Sources */,
				AAEF1B0A27CD437800F3000B /* LocalState.swift in Sources */,
				AAEF1B1427D7866000F3000B /* AccountSummaryHeaderView.swift in Sources */,
				AAEF1B0727CD130100F3000B /* DummyViewController.swift in Sources */,
				AAEF1AEB27C6A8A600F3000B /* LoginViewController.swift in Sources */,
				AAEF1B0527CB5AB900F3000B /* OnboardingViewController.swift in Sources */,
				AAEF1B0F27CF51E600F3000B /* MainViewController.swift in Sources */,
				AAEF1B1227CFA9A700F3000B /* AccountSummaryViewController.swift in Sources */,
				AAEF1AE727C6A8A600F3000B /* AppDelegate.swift in Sources */,
				AAEF1B0027CAA1D400F3000B /* OnboardingContainerViewController.swift in Sources */,
			);
			runOnlyForDeploymentPostprocessing = 0;
		};
/* End PBXSourcesBuildPhase section */

/* Begin PBXVariantGroup section */
		AAEF1AF127C6A8AD00F3000B /* LaunchScreen.storyboard */ = {
			isa = PBXVariantGroup;
			children = (
				AAEF1AF227C6A8AD00F3000B /* Base */,
			);
			name = LaunchScreen.storyboard;
			sourceTree = "<group>";
		};
/* End PBXVariantGroup section */

/* Begin XCBuildConfiguration section */
		AAEF1AF527C6A8AD00F3000B /* Debug */ = {
			isa = XCBuildConfiguration;
			buildSettings = {
				ALWAYS_SEARCH_USER_PATHS = NO;
				CLANG_ANALYZER_NONNULL = YES;
				CLANG_ANALYZER_NUMBER_OBJECT_CONVERSION = YES_AGGRESSIVE;
				CLANG_CXX_LANGUAGE_STANDARD = "gnu++17";
				CLANG_CXX_LIBRARY = "libc++";
				CLANG_ENABLE_MODULES = YES;
				CLANG_ENABLE_OBJC_ARC = YES;
				CLANG_ENABLE_OBJC_WEAK = YES;
				CLANG_WARN_BLOCK_CAPTURE_AUTORELEASING = YES;
				CLANG_WARN_BOOL_CONVERSION = YES;
				CLANG_WARN_COMMA = YES;
				CLANG_WARN_CONSTANT_CONVERSION = YES;
				CLANG_WARN_DEPRECATED_OBJC_IMPLEMENTATIONS = YES;
				CLANG_WARN_DIRECT_OBJC_ISA_USAGE = YES_ERROR;
				CLANG_WARN_DOCUMENTATION_COMMENTS = YES;
				CLANG_WARN_EMPTY_BODY = YES;
				CLANG_WARN_ENUM_CONVERSION = YES;
				CLANG_WARN_INFINITE_RECURSION = YES;
				CLANG_WARN_INT_CONVERSION = YES;
				CLANG_WARN_NON_LITERAL_NULL_CONVERSION = YES;
				CLANG_WARN_OBJC_IMPLICIT_RETAIN_SELF = YES;
				CLANG_WARN_OBJC_LITERAL_CONVERSION = YES;
				CLANG_WARN_OBJC_ROOT_CLASS = YES_ERROR;
				CLANG_WARN_QUOTED_INCLUDE_IN_FRAMEWORK_HEADER = YES;
				CLANG_WARN_RANGE_LOOP_ANALYSIS = YES;
				CLANG_WARN_STRICT_PROTOTYPES = YES;
				CLANG_WARN_SUSPICIOUS_MOVE = YES;
				CLANG_WARN_UNGUARDED_AVAILABILITY = YES_AGGRESSIVE;
				CLANG_WARN_UNREACHABLE_CODE = YES;
				CLANG_WARN__DUPLICATE_METHOD_MATCH = YES;
				COPY_PHASE_STRIP = NO;
				DEBUG_INFORMATION_FORMAT = dwarf;
				ENABLE_STRICT_OBJC_MSGSEND = YES;
				ENABLE_TESTABILITY = YES;
				GCC_C_LANGUAGE_STANDARD = gnu11;
				GCC_DYNAMIC_NO_PIC = NO;
				GCC_NO_COMMON_BLOCKS = YES;
				GCC_OPTIMIZATION_LEVEL = 0;
				GCC_PREPROCESSOR_DEFINITIONS = (
					"DEBUG=1",
					"$(inherited)",
				);
				GCC_WARN_64_TO_32_BIT_CONVERSION = YES;
				GCC_WARN_ABOUT_RETURN_TYPE = YES_ERROR;
				GCC_WARN_UNDECLARED_SELECTOR = YES;
				GCC_WARN_UNINITIALIZED_AUTOS = YES_AGGRESSIVE;
				GCC_WARN_UNUSED_FUNCTION = YES;
				GCC_WARN_UNUSED_VARIABLE = YES;
				IPHONEOS_DEPLOYMENT_TARGET = 15.0;
				MTL_ENABLE_DEBUG_INFO = INCLUDE_SOURCE;
				MTL_FAST_MATH = YES;
				ONLY_ACTIVE_ARCH = YES;
				SDKROOT = iphoneos;
				SWIFT_ACTIVE_COMPILATION_CONDITIONS = DEBUG;
				SWIFT_OPTIMIZATION_LEVEL = "-Onone";
			};
			name = Debug;
		};
		AAEF1AF627C6A8AD00F3000B /* Release */ = {
			isa = XCBuildConfiguration;
			buildSettings = {
				ALWAYS_SEARCH_USER_PATHS = NO;
				CLANG_ANALYZER_NONNULL = YES;
				CLANG_ANALYZER_NUMBER_OBJECT_CONVERSION = YES_AGGRESSIVE;
				CLANG_CXX_LANGUAGE_STANDARD = "gnu++17";
				CLANG_CXX_LIBRARY = "libc++";
				CLANG_ENABLE_MODULES = YES;
				CLANG_ENABLE_OBJC_ARC = YES;
				CLANG_ENABLE_OBJC_WEAK = YES;
				CLANG_WARN_BLOCK_CAPTURE_AUTORELEASING = YES;
				CLANG_WARN_BOOL_CONVERSION = YES;
				CLANG_WARN_COMMA = YES;
				CLANG_WARN_CONSTANT_CONVERSION = YES;
				CLANG_WARN_DEPRECATED_OBJC_IMPLEMENTATIONS = YES;
				CLANG_WARN_DIRECT_OBJC_ISA_USAGE = YES_ERROR;
				CLANG_WARN_DOCUMENTATION_COMMENTS = YES;
				CLANG_WARN_EMPTY_BODY = YES;
				CLANG_WARN_ENUM_CONVERSION = YES;
				CLANG_WARN_INFINITE_RECURSION = YES;
				CLANG_WARN_INT_CONVERSION = YES;
				CLANG_WARN_NON_LITERAL_NULL_CONVERSION = YES;
				CLANG_WARN_OBJC_IMPLICIT_RETAIN_SELF = YES;
				CLANG_WARN_OBJC_LITERAL_CONVERSION = YES;
				CLANG_WARN_OBJC_ROOT_CLASS = YES_ERROR;
				CLANG_WARN_QUOTED_INCLUDE_IN_FRAMEWORK_HEADER = YES;
				CLANG_WARN_RANGE_LOOP_ANALYSIS = YES;
				CLANG_WARN_STRICT_PROTOTYPES = YES;
				CLANG_WARN_SUSPICIOUS_MOVE = YES;
				CLANG_WARN_UNGUARDED_AVAILABILITY = YES_AGGRESSIVE;
				CLANG_WARN_UNREACHABLE_CODE = YES;
				CLANG_WARN__DUPLICATE_METHOD_MATCH = YES;
				COPY_PHASE_STRIP = NO;
				DEBUG_INFORMATION_FORMAT = "dwarf-with-dsym";
				ENABLE_NS_ASSERTIONS = NO;
				ENABLE_STRICT_OBJC_MSGSEND = YES;
				GCC_C_LANGUAGE_STANDARD = gnu11;
				GCC_NO_COMMON_BLOCKS = YES;
				GCC_WARN_64_TO_32_BIT_CONVERSION = YES;
				GCC_WARN_ABOUT_RETURN_TYPE = YES_ERROR;
				GCC_WARN_UNDECLARED_SELECTOR = YES;
				GCC_WARN_UNINITIALIZED_AUTOS = YES_AGGRESSIVE;
				GCC_WARN_UNUSED_FUNCTION = YES;
				GCC_WARN_UNUSED_VARIABLE = YES;
				IPHONEOS_DEPLOYMENT_TARGET = 15.0;
				MTL_ENABLE_DEBUG_INFO = NO;
				MTL_FAST_MATH = YES;
				SDKROOT = iphoneos;
				SWIFT_COMPILATION_MODE = wholemodule;
				SWIFT_OPTIMIZATION_LEVEL = "-O";
				VALIDATE_PRODUCT = YES;
			};
			name = Release;
		};
		AAEF1AF827C6A8AD00F3000B /* Debug */ = {
			isa = XCBuildConfiguration;
			buildSettings = {
				ASSETCATALOG_COMPILER_APPICON_NAME = AppIcon;
				ASSETCATALOG_COMPILER_GLOBAL_ACCENT_COLOR_NAME = AccentColor;
				CODE_SIGN_STYLE = Automatic;
				CURRENT_PROJECT_VERSION = 1;
				DEVELOPMENT_TEAM = R62KPGQ9AM;
				GENERATE_INFOPLIST_FILE = YES;
				INFOPLIST_FILE = Bankey/Info.plist;
				INFOPLIST_KEY_UIApplicationSupportsIndirectInputEvents = YES;
				INFOPLIST_KEY_UILaunchStoryboardName = LaunchScreen;
				INFOPLIST_KEY_UISupportedInterfaceOrientations_iPad = "UIInterfaceOrientationPortrait UIInterfaceOrientationPortraitUpsideDown UIInterfaceOrientationLandscapeLeft UIInterfaceOrientationLandscapeRight";
				INFOPLIST_KEY_UISupportedInterfaceOrientations_iPhone = "UIInterfaceOrientationPortrait UIInterfaceOrientationLandscapeLeft UIInterfaceOrientationLandscapeRight";
				LD_RUNPATH_SEARCH_PATHS = (
					"$(inherited)",
					"@executable_path/Frameworks",
				);
				MARKETING_VERSION = 1.0;
				PRODUCT_BUNDLE_IDENTIFIER = com.dinaturman.Bankey;
				PRODUCT_NAME = "$(TARGET_NAME)";
				SWIFT_EMIT_LOC_STRINGS = YES;
				SWIFT_VERSION = 5.0;
				TARGETED_DEVICE_FAMILY = "1,2";
			};
			name = Debug;
		};
		AAEF1AF927C6A8AD00F3000B /* Release */ = {
			isa = XCBuildConfiguration;
			buildSettings = {
				ASSETCATALOG_COMPILER_APPICON_NAME = AppIcon;
				ASSETCATALOG_COMPILER_GLOBAL_ACCENT_COLOR_NAME = AccentColor;
				CODE_SIGN_STYLE = Automatic;
				CURRENT_PROJECT_VERSION = 1;
				DEVELOPMENT_TEAM = R62KPGQ9AM;
				GENERATE_INFOPLIST_FILE = YES;
				INFOPLIST_FILE = Bankey/Info.plist;
				INFOPLIST_KEY_UIApplicationSupportsIndirectInputEvents = YES;
				INFOPLIST_KEY_UILaunchStoryboardName = LaunchScreen;
				INFOPLIST_KEY_UISupportedInterfaceOrientations_iPad = "UIInterfaceOrientationPortrait UIInterfaceOrientationPortraitUpsideDown UIInterfaceOrientationLandscapeLeft UIInterfaceOrientationLandscapeRight";
				INFOPLIST_KEY_UISupportedInterfaceOrientations_iPhone = "UIInterfaceOrientationPortrait UIInterfaceOrientationLandscapeLeft UIInterfaceOrientationLandscapeRight";
				LD_RUNPATH_SEARCH_PATHS = (
					"$(inherited)",
					"@executable_path/Frameworks",
				);
				MARKETING_VERSION = 1.0;
				PRODUCT_BUNDLE_IDENTIFIER = com.dinaturman.Bankey;
				PRODUCT_NAME = "$(TARGET_NAME)";
				SWIFT_EMIT_LOC_STRINGS = YES;
				SWIFT_VERSION = 5.0;
				TARGETED_DEVICE_FAMILY = "1,2";
			};
			name = Release;
		};
/* End XCBuildConfiguration section */

/* Begin XCConfigurationList section */
		AAEF1ADE27C6A8A500F3000B /* Build configuration list for PBXProject "Bankey" */ = {
			isa = XCConfigurationList;
			buildConfigurations = (
				AAEF1AF527C6A8AD00F3000B /* Debug */,
				AAEF1AF627C6A8AD00F3000B /* Release */,
			);
			defaultConfigurationIsVisible = 0;
			defaultConfigurationName = Release;
		};
		AAEF1AF727C6A8AD00F3000B /* Build configuration list for PBXNativeTarget "Bankey" */ = {
			isa = XCConfigurationList;
			buildConfigurations = (
				AAEF1AF827C6A8AD00F3000B /* Debug */,
				AAEF1AF927C6A8AD00F3000B /* Release */,
			);
			defaultConfigurationIsVisible = 0;
			defaultConfigurationName = Release;
		};
/* End XCConfigurationList section */
	};
	rootObject = AAEF1ADB27C6A8A500F3000B /* Project object */;
}
